// !$*UTF8*$!
{
	archiveVersion = 1;
	classes = {
	};
	objectVersion = 50;
	objects = {

/* Begin PBXBuildFile section */
		682163B021AD96CB00BD8E3B /* FrameworkFileViewController.xib in Resources */ = {isa = PBXBuildFile; fileRef = 682163AF21AD96CB00BD8E3B /* FrameworkFileViewController.xib */; };
		687A97B821AD1F5B0082CD1E /* MyFramework.framework in Resources */ = {isa = PBXBuildFile; fileRef = 688C4E1C21ACDA7500AADAB4 /* MyFramework.framework */; };
		688C4E0321ACDA5C00AADAB4 /* AppDelegate.m in Sources */ = {isa = PBXBuildFile; fileRef = 688C4E0221ACDA5C00AADAB4 /* AppDelegate.m */; };
		688C4E0621ACDA5C00AADAB4 /* ViewController.m in Sources */ = {isa = PBXBuildFile; fileRef = 688C4E0521ACDA5C00AADAB4 /* ViewController.m */; };
		688C4E0921ACDA5C00AADAB4 /* Main.storyboard in Resources */ = {isa = PBXBuildFile; fileRef = 688C4E0721ACDA5C00AADAB4 /* Main.storyboard */; };
		688C4E0B21ACDA5D00AADAB4 /* Assets.xcassets in Resources */ = {isa = PBXBuildFile; fileRef = 688C4E0A21ACDA5D00AADAB4 /* Assets.xcassets */; };
		688C4E0E21ACDA5D00AADAB4 /* LaunchScreen.storyboard in Resources */ = {isa = PBXBuildFile; fileRef = 688C4E0C21ACDA5D00AADAB4 /* LaunchScreen.storyboard */; };
		688C4E1121ACDA5D00AADAB4 /* main.m in Sources */ = {isa = PBXBuildFile; fileRef = 688C4E1021ACDA5D00AADAB4 /* main.m */; };
		688C4E2021ACDA7500AADAB4 /* MyFramework.h in Headers */ = {isa = PBXBuildFile; fileRef = 688C4E1E21ACDA7500AADAB4 /* MyFramework.h */; settings = {ATTRIBUTES = (Public, ); }; };
		688C4E2321ACDA7500AADAB4 /* MyFramework.framework in Frameworks */ = {isa = PBXBuildFile; fileRef = 688C4E1C21ACDA7500AADAB4 /* MyFramework.framework */; };
		688C4E2421ACDA7500AADAB4 /* MyFramework.framework in Embed Frameworks */ = {isa = PBXBuildFile; fileRef = 688C4E1C21ACDA7500AADAB4 /* MyFramework.framework */; settings = {ATTRIBUTES = (CodeSignOnCopy, RemoveHeadersOnCopy, ); }; };
		688C4E2B21ACDF2800AADAB4 /* MyFrameworkManager.h in Headers */ = {isa = PBXBuildFile; fileRef = 688C4E2921ACDF2800AADAB4 /* MyFrameworkManager.h */; settings = {ATTRIBUTES = (Public, ); }; };
		688C4E2C21ACDF2800AADAB4 /* MyFrameworkManager.m in Sources */ = {isa = PBXBuildFile; fileRef = 688C4E2A21ACDF2800AADAB4 /* MyFrameworkManager.m */; };
		688C4E3021ACDFFE00AADAB4 /* FrameworkFileViewController.h in Headers */ = {isa = PBXBuildFile; fileRef = 688C4E2D21ACDFFE00AADAB4 /* FrameworkFileViewController.h */; };
		688C4E3121ACDFFE00AADAB4 /* FrameworkFileViewController.m in Sources */ = {isa = PBXBuildFile; fileRef = 688C4E2E21ACDFFE00AADAB4 /* FrameworkFileViewController.m */; };
		68A29CB121AE2B2C00FB7BA1 /* KJFramework.bundle in Resources */ = {isa = PBXBuildFile; fileRef = 68A29CB021AE2B2B00FB7BA1 /* KJFramework.bundle */; };
/* End PBXBuildFile section */

/* Begin PBXContainerItemProxy section */
		688C4E2121ACDA7500AADAB4 /* PBXContainerItemProxy */ = {
			isa = PBXContainerItemProxy;
			containerPortal = 688C4DF621ACDA5C00AADAB4 /* Project object */;
			proxyType = 1;
			remoteGlobalIDString = 688C4E1B21ACDA7500AADAB4;
			remoteInfo = MyFramework;
		};
/* End PBXContainerItemProxy section */

/* Begin PBXCopyFilesBuildPhase section */
		688C4E2821ACDA7500AADAB4 /* Embed Frameworks */ = {
			isa = PBXCopyFilesBuildPhase;
			buildActionMask = 2147483647;
			dstPath = "";
			dstSubfolderSpec = 10;
			files = (
				688C4E2421ACDA7500AADAB4 /* MyFramework.framework in Embed Frameworks */,
			);
			name = "Embed Frameworks";
			runOnlyForDeploymentPostprocessing = 0;
		};
/* End PBXCopyFilesBuildPhase section */

/* Begin PBXFileReference section */
		682163AF21AD96CB00BD8E3B /* FrameworkFileViewController.xib */ = {isa = PBXFileReference; fileEncoding = 4; lastKnownFileType = file.xib; path = FrameworkFileViewController.xib; sourceTree = "<group>"; };
		688C4DFE21ACDA5C00AADAB4 /* HelloFramework.app */ = {isa = PBXFileReference; explicitFileType = wrapper.application; includeInIndex = 0; path = HelloFramework.app; sourceTree = BUILT_PRODUCTS_DIR; };
		688C4E0121ACDA5C00AADAB4 /* AppDelegate.h */ = {isa = PBXFileReference; lastKnownFileType = sourcecode.c.h; path = AppDelegate.h; sourceTree = "<group>"; };
		688C4E0221ACDA5C00AADAB4 /* AppDelegate.m */ = {isa = PBXFileReference; lastKnownFileType = sourcecode.c.objc; path = AppDelegate.m; sourceTree = "<group>"; };
		688C4E0421ACDA5C00AADAB4 /* ViewController.h */ = {isa = PBXFileReference; lastKnownFileType = sourcecode.c.h; path = ViewController.h; sourceTree = "<group>"; };
		688C4E0521ACDA5C00AADAB4 /* ViewController.m */ = {isa = PBXFileReference; lastKnownFileType = sourcecode.c.objc; path = ViewController.m; sourceTree = "<group>"; };
		688C4E0821ACDA5C00AADAB4 /* Base */ = {isa = PBXFileReference; lastKnownFileType = file.storyboard; name = Base; path = Base.lproj/Main.storyboard; sourceTree = "<group>"; };
		688C4E0A21ACDA5D00AADAB4 /* Assets.xcassets */ = {isa = PBXFileReference; lastKnownFileType = folder.assetcatalog; path = Assets.xcassets; sourceTree = "<group>"; };
		688C4E0D21ACDA5D00AADAB4 /* Base */ = {isa = PBXFileReference; lastKnownFileType = file.storyboard; name = Base; path = Base.lproj/LaunchScreen.storyboard; sourceTree = "<group>"; };
		688C4E0F21ACDA5D00AADAB4 /* Info.plist */ = {isa = PBXFileReference; lastKnownFileType = text.plist.xml; path = Info.plist; sourceTree = "<group>"; };
		688C4E1021ACDA5D00AADAB4 /* main.m */ = {isa = PBXFileReference; lastKnownFileType = sourcecode.c.objc; path = main.m; sourceTree = "<group>"; };
		688C4E1C21ACDA7500AADAB4 /* MyFramework.framework */ = {isa = PBXFileReference; explicitFileType = wrapper.framework; includeInIndex = 0; path = MyFramework.framework; sourceTree = BUILT_PRODUCTS_DIR; };
		688C4E1E21ACDA7500AADAB4 /* MyFramework.h */ = {isa = PBXFileReference; lastKnownFileType = sourcecode.c.h; path = MyFramework.h; sourceTree = "<group>"; };
		688C4E1F21ACDA7500AADAB4 /* Info.plist */ = {isa = PBXFileReference; lastKnownFileType = text.plist.xml; path = Info.plist; sourceTree = "<group>"; };
		688C4E2921ACDF2800AADAB4 /* MyFrameworkManager.h */ = {isa = PBXFileReference; lastKnownFileType = sourcecode.c.h; path = MyFrameworkManager.h; sourceTree = "<group>"; };
		688C4E2A21ACDF2800AADAB4 /* MyFrameworkManager.m */ = {isa = PBXFileReference; lastKnownFileType = sourcecode.c.objc; path = MyFrameworkManager.m; sourceTree = "<group>"; };
		688C4E2D21ACDFFE00AADAB4 /* FrameworkFileViewController.h */ = {isa = PBXFileReference; lastKnownFileType = sourcecode.c.h; path = FrameworkFileViewController.h; sourceTree = "<group>"; };
		688C4E2E21ACDFFE00AADAB4 /* FrameworkFileViewController.m */ = {isa = PBXFileReference; lastKnownFileType = sourcecode.c.objc; path = FrameworkFileViewController.m; sourceTree = "<group>"; };
		68A29CB021AE2B2B00FB7BA1 /* KJFramework.bundle */ = {isa = PBXFileReference; lastKnownFileType = "wrapper.plug-in"; path = KJFramework.bundle; sourceTree = "<group>"; };
		68BC9C0B21AE3416000958B3 /* PrefixHeader.pch */ = {isa = PBXFileReference; lastKnownFileType = sourcecode.c.h; path = PrefixHeader.pch; sourceTree = "<group>"; };
/* End PBXFileReference section */

/* Begin PBXFrameworksBuildPhase section */
		688C4DFB21ACDA5C00AADAB4 /* Frameworks */ = {
			isa = PBXFrameworksBuildPhase;
			buildActionMask = 2147483647;
			files = (
				688C4E2321ACDA7500AADAB4 /* MyFramework.framework in Frameworks */,
			);
			runOnlyForDeploymentPostprocessing = 0;
		};
		688C4E1921ACDA7500AADAB4 /* Frameworks */ = {
			isa = PBXFrameworksBuildPhase;
			buildActionMask = 2147483647;
			files = (
			);
			runOnlyForDeploymentPostprocessing = 0;
		};
/* End PBXFrameworksBuildPhase section */

/* Begin PBXGroup section */
		688C4DF521ACDA5C00AADAB4 = {
			isa = PBXGroup;
			children = (
				688C4E0021ACDA5C00AADAB4 /* HelloFramework */,
				688C4E1D21ACDA7500AADAB4 /* MyFramework */,
				688C4DFF21ACDA5C00AADAB4 /* Products */,
			);
			sourceTree = "<group>";
		};
		688C4DFF21ACDA5C00AADAB4 /* Products */ = {
			isa = PBXGroup;
			children = (
				688C4DFE21ACDA5C00AADAB4 /* HelloFramework.app */,
				688C4E1C21ACDA7500AADAB4 /* MyFramework.framework */,
			);
			name = Products;
			sourceTree = "<group>";
		};
		688C4E0021ACDA5C00AADAB4 /* HelloFramework */ = {
			isa = PBXGroup;
			children = (
				688C4E0121ACDA5C00AADAB4 /* AppDelegate.h */,
				688C4E0221ACDA5C00AADAB4 /* AppDelegate.m */,
				688C4E0421ACDA5C00AADAB4 /* ViewController.h */,
				688C4E0521ACDA5C00AADAB4 /* ViewController.m */,
				688C4E0721ACDA5C00AADAB4 /* Main.storyboard */,
				688C4E0A21ACDA5D00AADAB4 /* Assets.xcassets */,
				688C4E0C21ACDA5D00AADAB4 /* LaunchScreen.storyboard */,
				688C4E0F21ACDA5D00AADAB4 /* Info.plist */,
				688C4E1021ACDA5D00AADAB4 /* main.m */,
			);
			path = HelloFramework;
			sourceTree = "<group>";
		};
		688C4E1D21ACDA7500AADAB4 /* MyFramework */ = {
			isa = PBXGroup;
			children = (
				688C4E1E21ACDA7500AADAB4 /* MyFramework.h */,
				68BC9C0B21AE3416000958B3 /* PrefixHeader.pch */,
				688C4E2921ACDF2800AADAB4 /* MyFrameworkManager.h */,
				688C4E2A21ACDF2800AADAB4 /* MyFrameworkManager.m */,
				688C4E2D21ACDFFE00AADAB4 /* FrameworkFileViewController.h */,
				688C4E2E21ACDFFE00AADAB4 /* FrameworkFileViewController.m */,
				682163AF21AD96CB00BD8E3B /* FrameworkFileViewController.xib */,
				68A29CB021AE2B2B00FB7BA1 /* KJFramework.bundle */,
				688C4E1F21ACDA7500AADAB4 /* Info.plist */,
			);
			path = MyFramework;
			sourceTree = "<group>";
		};
/* End PBXGroup section */

/* Begin PBXHeadersBuildPhase section */
		688C4E1721ACDA7500AADAB4 /* Headers */ = {
			isa = PBXHeadersBuildPhase;
			buildActionMask = 2147483647;
			files = (
				688C4E2021ACDA7500AADAB4 /* MyFramework.h in Headers */,
				688C4E2B21ACDF2800AADAB4 /* MyFrameworkManager.h in Headers */,
				688C4E3021ACDFFE00AADAB4 /* FrameworkFileViewController.h in Headers */,
			);
			runOnlyForDeploymentPostprocessing = 0;
		};
/* End PBXHeadersBuildPhase section */

/* Begin PBXNativeTarget section */
		688C4DFD21ACDA5C00AADAB4 /* HelloFramework */ = {
			isa = PBXNativeTarget;
			buildConfigurationList = 688C4E1421ACDA5D00AADAB4 /* Build configuration list for PBXNativeTarget "HelloFramework" */;
			buildPhases = (
				688C4DFA21ACDA5C00AADAB4 /* Sources */,
				688C4DFB21ACDA5C00AADAB4 /* Frameworks */,
				688C4DFC21ACDA5C00AADAB4 /* Resources */,
				688C4E2821ACDA7500AADAB4 /* Embed Frameworks */,
			);
			buildRules = (
			);
			dependencies = (
				688C4E2221ACDA7500AADAB4 /* PBXTargetDependency */,
			);
			name = HelloFramework;
			productName = HelloFramework;
			productReference = 688C4DFE21ACDA5C00AADAB4 /* HelloFramework.app */;
			productType = "com.apple.product-type.application";
		};
		688C4E1B21ACDA7500AADAB4 /* MyFramework */ = {
			isa = PBXNativeTarget;
			buildConfigurationList = 688C4E2521ACDA7500AADAB4 /* Build configuration list for PBXNativeTarget "MyFramework" */;
			buildPhases = (
				688C4E1721ACDA7500AADAB4 /* Headers */,
				688C4E1821ACDA7500AADAB4 /* Sources */,
				688C4E1921ACDA7500AADAB4 /* Frameworks */,
				688C4E1A21ACDA7500AADAB4 /* Resources */,
			);
			buildRules = (
			);
			dependencies = (
			);
			name = MyFramework;
			productName = MyFramework;
			productReference = 688C4E1C21ACDA7500AADAB4 /* MyFramework.framework */;
			productType = "com.apple.product-type.framework";
		};
/* End PBXNativeTarget section */

/* Begin PBXProject section */
		688C4DF621ACDA5C00AADAB4 /* Project object */ = {
			isa = PBXProject;
			attributes = {
				LastUpgradeCheck = 1010;
				ORGANIZATIONNAME = "杨科军";
				TargetAttributes = {
					688C4DFD21ACDA5C00AADAB4 = {
						CreatedOnToolsVersion = 10.1;
					};
					688C4E1B21ACDA7500AADAB4 = {
						CreatedOnToolsVersion = 10.1;
					};
				};
			};
			buildConfigurationList = 688C4DF921ACDA5C00AADAB4 /* Build configuration list for PBXProject "HelloFramework" */;
			compatibilityVersion = "Xcode 9.3";
			developmentRegion = en;
			hasScannedForEncodings = 0;
			knownRegions = (
				en,
				Base,
			);
			mainGroup = 688C4DF521ACDA5C00AADAB4;
			productRefGroup = 688C4DFF21ACDA5C00AADAB4 /* Products */;
			projectDirPath = "";
			projectRoot = "";
			targets = (
				688C4DFD21ACDA5C00AADAB4 /* HelloFramework */,
				688C4E1B21ACDA7500AADAB4 /* MyFramework */,
			);
		};
/* End PBXProject section */

/* Begin PBXResourcesBuildPhase section */
		688C4DFC21ACDA5C00AADAB4 /* Resources */ = {
			isa = PBXResourcesBuildPhase;
			buildActionMask = 2147483647;
			files = (
				687A97B821AD1F5B0082CD1E /* MyFramework.framework in Resources */,
				688C4E0E21ACDA5D00AADAB4 /* LaunchScreen.storyboard in Resources */,
				688C4E0B21ACDA5D00AADAB4 /* Assets.xcassets in Resources */,
				688C4E0921ACDA5C00AADAB4 /* Main.storyboard in Resources */,
			);
			runOnlyForDeploymentPostprocessing = 0;
		};
		688C4E1A21ACDA7500AADAB4 /* Resources */ = {
			isa = PBXResourcesBuildPhase;
			buildActionMask = 2147483647;
			files = (
				682163B021AD96CB00BD8E3B /* FrameworkFileViewController.xib in Resources */,
				68A29CB121AE2B2C00FB7BA1 /* KJFramework.bundle in Resources */,
			);
			runOnlyForDeploymentPostprocessing = 0;
		};
/* End PBXResourcesBuildPhase section */

/* Begin PBXSourcesBuildPhase section */
		688C4DFA21ACDA5C00AADAB4 /* Sources */ = {
			isa = PBXSourcesBuildPhase;
			buildActionMask = 2147483647;
			files = (
				688C4E0621ACDA5C00AADAB4 /* ViewController.m in Sources */,
				688C4E1121ACDA5D00AADAB4 /* main.m in Sources */,
				688C4E0321ACDA5C00AADAB4 /* AppDelegate.m in Sources */,
			);
			runOnlyForDeploymentPostprocessing = 0;
		};
		688C4E1821ACDA7500AADAB4 /* Sources */ = {
			isa = PBXSourcesBuildPhase;
			buildActionMask = 2147483647;
			files = (
				688C4E2C21ACDF2800AADAB4 /* MyFrameworkManager.m in Sources */,
				688C4E3121ACDFFE00AADAB4 /* FrameworkFileViewController.m in Sources */,
			);
			runOnlyForDeploymentPostprocessing = 0;
		};
/* End PBXSourcesBuildPhase section */

/* Begin PBXTargetDependency section */
		688C4E2221ACDA7500AADAB4 /* PBXTargetDependency */ = {
			isa = PBXTargetDependency;
			target = 688C4E1B21ACDA7500AADAB4 /* MyFramework */;
			targetProxy = 688C4E2121ACDA7500AADAB4 /* PBXContainerItemProxy */;
		};
/* End PBXTargetDependency section */

/* Begin PBXVariantGroup section */
		688C4E0721ACDA5C00AADAB4 /* Main.storyboard */ = {
			isa = PBXVariantGroup;
			children = (
				688C4E0821ACDA5C00AADAB4 /* Base */,
			);
			name = Main.storyboard;
			sourceTree = "<group>";
		};
		688C4E0C21ACDA5D00AADAB4 /* LaunchScreen.storyboard */ = {
			isa = PBXVariantGroup;
			children = (
				688C4E0D21ACDA5D00AADAB4 /* Base */,
			);
			name = LaunchScreen.storyboard;
			sourceTree = "<group>";
		};
/* End PBXVariantGroup section */

/* Begin XCBuildConfiguration section */
		688C4E1221ACDA5D00AADAB4 /* Debug */ = {
			isa = XCBuildConfiguration;
			buildSettings = {
				ALWAYS_SEARCH_USER_PATHS = NO;
				CLANG_ANALYZER_NONNULL = YES;
				CLANG_ANALYZER_NUMBER_OBJECT_CONVERSION = YES_AGGRESSIVE;
				CLANG_CXX_LANGUAGE_STANDARD = "gnu++14";
				CLANG_CXX_LIBRARY = "libc++";
				CLANG_ENABLE_MODULES = YES;
				CLANG_ENABLE_OBJC_ARC = YES;
				CLANG_ENABLE_OBJC_WEAK = YES;
				CLANG_WARN_BLOCK_CAPTURE_AUTORELEASING = YES;
				CLANG_WARN_BOOL_CONVERSION = YES;
				CLANG_WARN_COMMA = YES;
				CLANG_WARN_CONSTANT_CONVERSION = YES;
				CLANG_WARN_DEPRECATED_OBJC_IMPLEMENTATIONS = YES;
				CLANG_WARN_DIRECT_OBJC_ISA_USAGE = YES_ERROR;
				CLANG_WARN_DOCUMENTATION_COMMENTS = YES;
				CLANG_WARN_EMPTY_BODY = YES;
				CLANG_WARN_ENUM_CONVERSION = YES;
				CLANG_WARN_INFINITE_RECURSION = YES;
				CLANG_WARN_INT_CONVERSION = YES;
				CLANG_WARN_NON_LITERAL_NULL_CONVERSION = YES;
				CLANG_WARN_OBJC_IMPLICIT_RETAIN_SELF = YES;
				CLANG_WARN_OBJC_LITERAL_CONVERSION = YES;
				CLANG_WARN_OBJC_ROOT_CLASS = YES_ERROR;
				CLANG_WARN_RANGE_LOOP_ANALYSIS = YES;
				CLANG_WARN_STRICT_PROTOTYPES = YES;
				CLANG_WARN_SUSPICIOUS_MOVE = YES;
				CLANG_WARN_UNGUARDED_AVAILABILITY = YES_AGGRESSIVE;
				CLANG_WARN_UNREACHABLE_CODE = YES;
				CLANG_WARN__DUPLICATE_METHOD_MATCH = YES;
				CODE_SIGN_IDENTITY = "iPhone Developer";
				COPY_PHASE_STRIP = NO;
				DEBUG_INFORMATION_FORMAT = dwarf;
				ENABLE_STRICT_OBJC_MSGSEND = YES;
				ENABLE_TESTABILITY = YES;
				GCC_C_LANGUAGE_STANDARD = gnu11;
				GCC_DYNAMIC_NO_PIC = NO;
				GCC_NO_COMMON_BLOCKS = YES;
				GCC_OPTIMIZATION_LEVEL = 0;
				GCC_PREPROCESSOR_DEFINITIONS = (
					"DEBUG=1",
					"$(inherited)",
				);
				GCC_WARN_64_TO_32_BIT_CONVERSION = YES;
				GCC_WARN_ABOUT_RETURN_TYPE = YES_ERROR;
				GCC_WARN_UNDECLARED_SELECTOR = YES;
				GCC_WARN_UNINITIALIZED_AUTOS = YES_AGGRESSIVE;
				GCC_WARN_UNUSED_FUNCTION = YES;
				GCC_WARN_UNUSED_VARIABLE = YES;
				IPHONEOS_DEPLOYMENT_TARGET = 12.1;
				MTL_ENABLE_DEBUG_INFO = INCLUDE_SOURCE;
				MTL_FAST_MATH = YES;
				ONLY_ACTIVE_ARCH = YES;
				SDKROOT = iphoneos;
			};
			name = Debug;
		};
		688C4E1321ACDA5D00AADAB4 /* Release */ = {
			isa = XCBuildConfiguration;
			buildSettings = {
				ALWAYS_SEARCH_USER_PATHS = NO;
				CLANG_ANALYZER_NONNULL = YES;
				CLANG_ANALYZER_NUMBER_OBJECT_CONVERSION = YES_AGGRESSIVE;
				CLANG_CXX_LANGUAGE_STANDARD = "gnu++14";
				CLANG_CXX_LIBRARY = "libc++";
				CLANG_ENABLE_MODULES = YES;
				CLANG_ENABLE_OBJC_ARC = YES;
				CLANG_ENABLE_OBJC_WEAK = YES;
				CLANG_WARN_BLOCK_CAPTURE_AUTORELEASING = YES;
				CLANG_WARN_BOOL_CONVERSION = YES;
				CLANG_WARN_COMMA = YES;
				CLANG_WARN_CONSTANT_CONVERSION = YES;
				CLANG_WARN_DEPRECATED_OBJC_IMPLEMENTATIONS = YES;
				CLANG_WARN_DIRECT_OBJC_ISA_USAGE = YES_ERROR;
				CLANG_WARN_DOCUMENTATION_COMMENTS = YES;
				CLANG_WARN_EMPTY_BODY = YES;
				CLANG_WARN_ENUM_CONVERSION = YES;
				CLANG_WARN_INFINITE_RECURSION = YES;
				CLANG_WARN_INT_CONVERSION = YES;
				CLANG_WARN_NON_LITERAL_NULL_CONVERSION = YES;
				CLANG_WARN_OBJC_IMPLICIT_RETAIN_SELF = YES;
				CLANG_WARN_OBJC_LITERAL_CONVERSION = YES;
				CLANG_WARN_OBJC_ROOT_CLASS = YES_ERROR;
				CLANG_WARN_RANGE_LOOP_ANALYSIS = YES;
				CLANG_WARN_STRICT_PROTOTYPES = YES;
				CLANG_WARN_SUSPICIOUS_MOVE = YES;
				CLANG_WARN_UNGUARDED_AVAILABILITY = YES_AGGRESSIVE;
				CLANG_WARN_UNREACHABLE_CODE = YES;
				CLANG_WARN__DUPLICATE_METHOD_MATCH = YES;
				CODE_SIGN_IDENTITY = "iPhone Developer";
				COPY_PHASE_STRIP = NO;
				DEBUG_INFORMATION_FORMAT = "dwarf-with-dsym";
				ENABLE_NS_ASSERTIONS = NO;
				ENABLE_STRICT_OBJC_MSGSEND = YES;
				GCC_C_LANGUAGE_STANDARD = gnu11;
				GCC_NO_COMMON_BLOCKS = YES;
				GCC_WARN_64_TO_32_BIT_CONVERSION = YES;
				GCC_WARN_ABOUT_RETURN_TYPE = YES_ERROR;
				GCC_WARN_UNDECLARED_SELECTOR = YES;
				GCC_WARN_UNINITIALIZED_AUTOS = YES_AGGRESSIVE;
				GCC_WARN_UNUSED_FUNCTION = YES;
				GCC_WARN_UNUSED_VARIABLE = YES;
				IPHONEOS_DEPLOYMENT_TARGET = 12.1;
				MTL_ENABLE_DEBUG_INFO = NO;
				MTL_FAST_MATH = YES;
				SDKROOT = iphoneos;
				VALIDATE_PRODUCT = YES;
			};
			name = Release;
		};
		688C4E1521ACDA5D00AADAB4 /* Debug */ = {
			isa = XCBuildConfiguration;
			buildSettings = {
				ASSETCATALOG_COMPILER_APPICON_NAME = AppIcon;
				CODE_SIGN_STYLE = Automatic;
				DEVELOPMENT_TEAM = VH48VHTX9R;
				INFOPLIST_FILE = HelloFramework/Info.plist;
				IPHONEOS_DEPLOYMENT_TARGET = 11.0;
				LD_RUNPATH_SEARCH_PATHS = (
					"$(inherited)",
					"@executable_path/Frameworks",
				);
				PRODUCT_BUNDLE_IDENTIFIER = com.yangkejun.HelloFramework;
				PRODUCT_NAME = "$(TARGET_NAME)";
				TARGETED_DEVICE_FAMILY = 1;
			};
			name = Debug;
		};
		688C4E1621ACDA5D00AADAB4 /* Release */ = {
			isa = XCBuildConfiguration;
			buildSettings = {
				ASSETCATALOG_COMPILER_APPICON_NAME = AppIcon;
				CODE_SIGN_STYLE = Automatic;
				DEVELOPMENT_TEAM = VH48VHTX9R;
				INFOPLIST_FILE = HelloFramework/Info.plist;
				IPHONEOS_DEPLOYMENT_TARGET = 11.0;
				LD_RUNPATH_SEARCH_PATHS = (
					"$(inherited)",
					"@executable_path/Frameworks",
				);
				PRODUCT_BUNDLE_IDENTIFIER = com.yangkejun.HelloFramework;
				PRODUCT_NAME = "$(TARGET_NAME)";
				TARGETED_DEVICE_FAMILY = 1;
			};
			name = Release;
		};
		688C4E2621ACDA7500AADAB4 /* Debug */ = {
			isa = XCBuildConfiguration;
			buildSettings = {
				APPLICATION_EXTENSION_API_ONLY = YES;
				ARCHS = (
					"$(ARCHS_STANDARD)",
					armv7s,
				);
				CODE_SIGN_IDENTITY = "";
				CODE_SIGN_STYLE = Automatic;
				CURRENT_PROJECT_VERSION = 1;
				DEFINES_MODULE = YES;
				DEVELOPMENT_TEAM = VH48VHTX9R;
				DYLIB_COMPATIBILITY_VERSION = 1;
				DYLIB_CURRENT_VERSION = 1;
				DYLIB_INSTALL_NAME_BASE = "@rpath";
				GCC_PREFIX_HEADER = "$(SRCROOT)/MyFramework/PrefixHeader.pch";
				INFOPLIST_FILE = MyFramework/Info.plist;
				INSTALL_PATH = "$(LOCAL_LIBRARY_DIR)/Frameworks";
				IPHONEOS_DEPLOYMENT_TARGET = 10.0;
				LD_RUNPATH_SEARCH_PATHS = (
					"$(inherited)",
					"@executable_path/Frameworks",
					"@loader_path/Frameworks",
				);
				MACH_O_TYPE = staticlib;
				ONLY_ACTIVE_ARCH = YES;
				PRODUCT_BUNDLE_IDENTIFIER = com.yangkejun.MyFramework;
				PRODUCT_NAME = "$(TARGET_NAME:c99extidentifier)";
				SKIP_INSTALL = YES;
				TARGETED_DEVICE_FAMILY = "1,2";
				VERSIONING_SYSTEM = "apple-generic";
				VERSION_INFO_PREFIX = "";
			};
			name = Debug;
		};
		688C4E2721ACDA7500AADAB4 /* Release */ = {
			isa = XCBuildConfiguration;
			buildSettings = {
				APPLICATION_EXTENSION_API_ONLY = YES;
				ARCHS = (
					"$(ARCHS_STANDARD)",
					armv7s,
				);
				CODE_SIGN_IDENTITY = "";
				CODE_SIGN_STYLE = Automatic;
				CURRENT_PROJECT_VERSION = 1;
				DEFINES_MODULE = YES;
				DEVELOPMENT_TEAM = VH48VHTX9R;
				DYLIB_COMPATIBILITY_VERSION = 1;
				DYLIB_CURRENT_VERSION = 1;
				DYLIB_INSTALL_NAME_BASE = "@rpath";
				GCC_PREFIX_HEADER = "$(SRCROOT)/MyFramework/PrefixHeader.pch";
				INFOPLIST_FILE = MyFramework/Info.plist;
				INSTALL_PATH = "$(LOCAL_LIBRARY_DIR)/Frameworks";
				IPHONEOS_DEPLOYMENT_TARGET = 10.0;
				LD_RUNPATH_SEARCH_PATHS = (
					"$(inherited)",
					"@executable_path/Frameworks",
					"@loader_path/Frameworks",
				);
				MACH_O_TYPE = staticlib;
				ONLY_ACTIVE_ARCH = YES;
				PRODUCT_BUNDLE_IDENTIFIER = com.yangkejun.MyFramework;
				PRODUCT_NAME = "$(TARGET_NAME:c99extidentifier)";
				SKIP_INSTALL = YES;
				TARGETED_DEVICE_FAMILY = "1,2";
				VERSIONING_SYSTEM = "apple-generic";
				VERSION_INFO_PREFIX = "";
			};
			name = Release;
		};
/* End XCBuildConfiguration section */

/* Begin XCConfigurationList section */
		688C4DF921ACDA5C00AADAB4 /* Build configuration list for PBXProject "HelloFramework" */ = {
			isa = XCConfigurationList;
			buildConfigurations = (
				688C4E1221ACDA5D00AADAB4 /* Debug */,
				688C4E1321ACDA5D00AADAB4 /* Release */,
			);
			defaultConfigurationIsVisible = 0;
			defaultConfigurationName = Release;
		};
		688C4E1421ACDA5D00AADAB4 /* Build configuration list for PBXNativeTarget "HelloFramework" */ = {
			isa = XCConfigurationList;
			buildConfigurations = (
				688C4E1521ACDA5D00AADAB4 /* Debug */,
				688C4E1621ACDA5D00AADAB4 /* Release */,
			);
			defaultConfigurationIsVisible = 0;
			defaultConfigurationName = Release;
		};
		688C4E2521ACDA7500AADAB4 /* Build configuration list for PBXNativeTarget "MyFramework" */ = {
			isa = XCConfigurationList;
			buildConfigurations = (
				688C4E2621ACDA7500AADAB4 /* Debug */,
				688C4E2721ACDA7500AADAB4 /* Release */,
			);
			defaultConfigurationIsVisible = 0;
			defaultConfigurationName = Release;
		};
/* End XCConfigurationList section */
	};
	rootObject = 688C4DF621ACDA5C00AADAB4 /* Project object */;
}
